<?xml version="1.0" encoding="utf-8"?>
<Project ToolsVersion="4.0" xmlns="http://schemas.microsoft.com/developer/msbuild/2003">
  <ItemGroup>
    <Filter Include="Resource Files">
      <UniqueIdentifier>{67DA6AB6-F800-4c08-8B7A-83BB121AAD01}</UniqueIdentifier>
      <Extensions>rc;ico;cur;bmp;dlg;rc2;rct;bin;rgs;gif;jpg;jpeg;jpe;resx;tiff;tif;png;wav;mfcribbon-ms</Extensions>
    </Filter>
    <Filter Include="Renderer">
      <UniqueIdentifier>{4fff9d67-902e-453d-a61d-4c0e87c30bab}</UniqueIdentifier>
    </Filter>
    <Filter Include="MFC">
      <UniqueIdentifier>{4fe10254-3d42-4cf6-a69b-c2130fb07e2f}</UniqueIdentifier>
    </Filter>
    <Filter Include="Tool">
      <UniqueIdentifier>{d7f2fe17-cf51-4850-b021-5c88dd261313}</UniqueIdentifier>
    </Filter>
    <Filter Include="SQLITE">
      <UniqueIdentifier>{a006b0b6-46b2-4c4f-808a-ec8fe3e790eb}</UniqueIdentifier>
    </Filter>
    <Filter Include="Custom">
      <UniqueIdentifier>{892e3e3d-b254-4d08-8845-7ebd2e93f32d}</UniqueIdentifier>
    </Filter>
    <Filter Include="MFC\Dialogues">
      <UniqueIdentifier>{ecd43f9a-4f22-4ddb-bde6-d59221f84a3f}</UniqueIdentifier>
    </Filter>
    <Filter Include="MFC\Main">
      <UniqueIdentifier>{d83391ee-70a4-444a-b0a8-7782fa93fd95}</UniqueIdentifier>
    </Filter>
    <Filter Include="Custom\Managers">
      <UniqueIdentifier>{b2d82c3f-a97e-4926-be10-cb415bafb097}</UniqueIdentifier>
    </Filter>
    <Filter Include="Shaders">
      <UniqueIdentifier>{c1b5adda-fb38-4f8e-8ee2-f966b34c895f}</UniqueIdentifier>
    </Filter>
    <Filter Include="Shaders\Water">
      <UniqueIdentifier>{3fbb59d8-4e36-4ee2-b35b-c60fadf9dfb7}</UniqueIdentifier>
    </Filter>
    <Filter Include="MFC\Dialogues\Tools">
      <UniqueIdentifier>{438ca32c-937d-4714-b6cf-4476bf7868a9}</UniqueIdentifier>
    </Filter>
    <Filter Include="MFC\Dialogues\Misc">
      <UniqueIdentifier>{f6309931-9f41-49d8-93d1-d6bf59c2c967}</UniqueIdentifier>
    </Filter>
    <Filter Include="Shaders\Texture">
      <UniqueIdentifier>{4723fded-8e66-4149-a900-ab9a9628c780}</UniqueIdentifier>
    </Filter>
  </ItemGroup>
  <ItemGroup>
    <ClCompile Include="pch.cpp">
      <Filter>Renderer</Filter>
    </ClCompile>
    <ClCompile Include="DeviceResources.cpp">
      <Filter>Renderer</Filter>
    </ClCompile>
    <ClCompile Include="Game.cpp">
      <Filter>Renderer</Filter>
    </ClCompile>
    <ClCompile Include="Main.cpp" />
    <ClCompile Include="ToolMain.cpp">
      <Filter>Tool</Filter>
    </ClCompile>
    <ClCompile Include="sqlite3.c">
      <Filter>SQLITE</Filter>
    </ClCompile>
    <ClCompile Include="SceneObject.cpp">
      <Filter>Tool</Filter>
    </ClCompile>
    <ClCompile Include="ChunkObject.cpp">
      <Filter>Tool</Filter>
    </ClCompile>
    <ClCompile Include="DisplayObject.cpp">
      <Filter>Renderer</Filter>
    </ClCompile>
    <ClCompile Include="DisplayChunk.cpp">
      <Filter>Renderer</Filter>
    </ClCompile>
    <ClCompile Include="Camera.cpp">
      <Filter>Custom</Filter>
    </ClCompile>
    <ClCompile Include="Water.cpp">
      <Filter>Custom</Filter>
    </ClCompile>
    <ClCompile Include="SelectDialogue.cpp">
      <Filter>MFC\Dialogues</Filter>
    </ClCompile>
    <ClCompile Include="MFCFrame.cpp">
      <Filter>MFC\Main</Filter>
    </ClCompile>
    <ClCompile Include="MFCMain.cpp">
      <Filter>MFC\Main</Filter>
    </ClCompile>
    <ClCompile Include="MFCRenderFrame.cpp">
      <Filter>MFC\Main</Filter>
    </ClCompile>
    <ClCompile Include="SQLManager.cpp">
      <Filter>Custom\Managers</Filter>
    </ClCompile>
    <ClCompile Include="MouseManager.cpp">
      <Filter>Custom\Managers</Filter>
    </ClCompile>
    <ClCompile Include="ObjectManager.cpp">
      <Filter>Custom\Managers</Filter>
    </ClCompile>
    <ClCompile Include="SceneManager.cpp">
      <Filter>Custom\Managers</Filter>
    </ClCompile>
    <ClCompile Include="DebugDraw.cpp">
      <Filter>Resource Files</Filter>
    </ClCompile>
    <ClCompile Include="ShaderManager.cpp">
      <Filter>Custom\Managers</Filter>
    </ClCompile>
    <ClCompile Include="WaterShader.cpp">
      <Filter>Shaders\Water</Filter>
    </ClCompile>
    <ClCompile Include="LightDialogue.cpp">
      <Filter>MFC\Dialogues\Tools</Filter>
    </ClCompile>
    <ClCompile Include="TerrainDialogue.cpp">
      <Filter>MFC\Dialogues\Tools</Filter>
    </ClCompile>
    <ClCompile Include="PaintDialogue.cpp">
      <Filter>MFC\Dialogues\Tools</Filter>
    </ClCompile>
    <ClCompile Include="SculptDialogue.cpp">
      <Filter>MFC\Dialogues\Tools</Filter>
    </ClCompile>
    <ClCompile Include="SpawnDialogue.cpp">
      <Filter>MFC\Dialogues\Tools</Filter>
    </ClCompile>
    <ClCompile Include="ObjectDialogue.cpp">
      <Filter>MFC\Dialogues\Tools</Filter>
    </ClCompile>
    <ClCompile Include="TerrainManager.cpp">
      <Filter>Custom\Managers</Filter>
    </ClCompile>
    <ClCompile Include="FocusDialogue.cpp">
      <Filter>MFC\Dialogues\Misc</Filter>
    </ClCompile>
    <ClCompile Include="SaveDialogue.cpp">
      <Filter>MFC\Dialogues\Misc</Filter>
    </ClCompile>
    <ClCompile Include="LoadDialogue.cpp">
      <Filter>MFC\Dialogues\Misc</Filter>
    </ClCompile>
    <ClCompile Include="BlendShader.cpp">
      <Filter>Shaders\Texture</Filter>
    </ClCompile>
    <ClCompile Include="TextureShader.cpp">
      <Filter>Shaders\Texture</Filter>
    </ClCompile>
  </ItemGroup>
  <ItemGroup>
    <ClInclude Include="DeviceResources.h">
      <Filter>Renderer</Filter>
    </ClInclude>
    <ClInclude Include="Game.h">
      <Filter>Renderer</Filter>
    </ClInclude>
    <ClInclude Include="StepTimer.h">
      <Filter>Renderer</Filter>
    </ClInclude>
    <ClInclude Include="pch.h">
      <Filter>Renderer</Filter>
    </ClInclude>
    <ClInclude Include="resource.h" />
    <ClInclude Include="ToolMain.h">
      <Filter>Tool</Filter>
    </ClInclude>
    <ClInclude Include="sqlite3.h">
      <Filter>SQLITE</Filter>
    </ClInclude>
    <ClInclude Include="SceneObject.h">
      <Filter>Tool</Filter>
    </ClInclude>
    <ClInclude Include="ChunkObject.h">
      <Filter>Tool</Filter>
    </ClInclude>
    <ClInclude Include="DisplayObject.h">
      <Filter>Renderer</Filter>
    </ClInclude>
    <ClInclude Include="InputCommands.h">
      <Filter>Tool</Filter>
    </ClInclude>
    <ClInclude Include="DisplayChunk.h">
      <Filter>Renderer</Filter>
    </ClInclude>
    <ClInclude Include="stdafx.h" />
    <ClInclude Include="Camera.h">
      <Filter>Custom</Filter>
    </ClInclude>
    <ClInclude Include="Tools.h">
      <Filter>Custom</Filter>
    </ClInclude>
    <ClInclude Include="Water.h">
      <Filter>Custom</Filter>
    </ClInclude>
    <ClInclude Include="SelectDialogue.h">
      <Filter>MFC\Dialogues</Filter>
    </ClInclude>
    <ClInclude Include="MFCFrame.h">
      <Filter>MFC\Main</Filter>
    </ClInclude>
    <ClInclude Include="MFCMain.h">
      <Filter>MFC\Main</Filter>
    </ClInclude>
    <ClInclude Include="MFCRenderFrame.h">
      <Filter>MFC\Main</Filter>
    </ClInclude>
    <ClInclude Include="SQLManager.h">
      <Filter>Custom\Managers</Filter>
    </ClInclude>
    <ClInclude Include="MouseManager.h">
      <Filter>Custom\Managers</Filter>
    </ClInclude>
    <ClInclude Include="ObjectManager.h">
      <Filter>Custom\Managers</Filter>
    </ClInclude>
    <ClInclude Include="SceneManager.h">
      <Filter>Custom\Managers</Filter>
    </ClInclude>
    <ClInclude Include="DebugDraw.h">
      <Filter>Resource Files</Filter>
    </ClInclude>
    <ClInclude Include="ShaderManager.h">
      <Filter>Custom\Managers</Filter>
    </ClInclude>
    <ClInclude Include="Light.h">
      <Filter>Custom</Filter>
    </ClInclude>
    <ClInclude Include="Shader.h">
      <Filter>Shaders</Filter>
    </ClInclude>
    <ClInclude Include="WaterShader.h">
      <Filter>Shaders\Water</Filter>
    </ClInclude>
    <ClInclude Include="LightDialogue.h">
      <Filter>MFC\Dialogues\Tools</Filter>
    </ClInclude>
    <ClInclude Include="TerrainDialogue.h">
      <Filter>MFC\Dialogues\Tools</Filter>
    </ClInclude>
    <ClInclude Include="ReadData.h">
      <Filter>Resource Files</Filter>
    </ClInclude>
    <ClInclude Include="PaintDialogue.h">
      <Filter>MFC\Dialogues\Tools</Filter>
    </ClInclude>
    <ClInclude Include="SculptDialogue.h">
      <Filter>MFC\Dialogues\Tools</Filter>
    </ClInclude>
    <ClInclude Include="SpawnDialogue.h">
      <Filter>MFC\Dialogues\Tools</Filter>
    </ClInclude>
    <ClInclude Include="ObjectDialogue.h">
      <Filter>MFC\Dialogues\Tools</Filter>
    </ClInclude>
    <ClInclude Include="TerrainManager.h">
      <Filter>Custom\Managers</Filter>
    </ClInclude>
    <ClInclude Include="FocusDialogue.h">
      <Filter>MFC\Dialogues\Misc</Filter>
    </ClInclude>
    <ClInclude Include="SaveDialogue.h">
      <Filter>MFC\Dialogues\Misc</Filter>
    </ClInclude>
    <ClInclude Include="LoadDialogue.h">
      <Filter>MFC\Dialogues\Misc</Filter>
    </ClInclude>
    <ClInclude Include="BlendShader.h">
      <Filter>Shaders\Texture</Filter>
    </ClInclude>
    <ClInclude Include="TextureShader.h">
      <Filter>Shaders\Texture</Filter>
    </ClInclude>
  </ItemGroup>
  <ItemGroup>
    <None Include="packages.config" />
  </ItemGroup>
  <ItemGroup>
    <ResourceCompile Include="Win32SimpleSample.rc">
      <Filter>Resource Files</Filter>
    </ResourceCompile>
  </ItemGroup>
  <ItemGroup>
    <Image Include="toolbar1.bmp">
      <Filter>Resource Files</Filter>
    </Image>
    <Image Include="toolbar_select.bmp">
      <Filter>Resource Files</Filter>
    </Image>
    <Image Include="toolbar2.bmp">
      <Filter>Resource Files</Filter>
    </Image>
    <Image Include="icon1.ico">
      <Filter>Resource Files</Filter>
    </Image>
    <Image Include="bitmap1.bmp">
      <Filter>Resource Files</Filter>
    </Image>
    <Image Include="bitmap2.bmp">
      <Filter>Resource Files</Filter>
    </Image>
    <Image Include="bitmap3.bmp">
      <Filter>Resource Files</Filter>
    </Image>
    <Image Include="bitmap4.bmp">
      <Filter>Resource Files</Filter>
    </Image>
    <Image Include="bitmap5.bmp">
      <Filter>Resource Files</Filter>
    </Image>
    <Image Include="bitmap6.bmp">
      <Filter>Resource Files</Filter>
    </Image>
    <Image Include="bitmap7.bmp">
      <Filter>Resource Files</Filter>
    </Image>
    <Image Include="bitmap8.bmp">
      <Filter>Resource Files</Filter>
    </Image>
    <Image Include="bitmap9.bmp">
      <Filter>Resource Files</Filter>
    </Image>
    <Image Include="bitmap10.bmp">
      <Filter>Resource Files</Filter>
    </Image>
    <Image Include="bitmap11.bmp">
      <Filter>Resource Files</Filter>
    </Image>
    <Image Include="bitmap12.bmp">
      <Filter>Resource Files</Filter>
    </Image>
    <Image Include="bitmap13.bmp">
      <Filter>Resource Files</Filter>
    </Image>
    <Image Include="bitmap14.bmp">
      <Filter>Resource Files</Filter>
    </Image>
    <Image Include="bitmap15.bmp">
      <Filter>Resource Files</Filter>
    </Image>
    <Image Include="bitmap16.bmp">
      <Filter>Resource Files</Filter>
    </Image>
  </ItemGroup>
  <ItemGroup>
    <Media Include="database\data\Scene1.fbx" />
  </ItemGroup>
  <ItemGroup>
    <FxCompile Include="water_vs.hlsl">
      <Filter>Shaders\Water</Filter>
    </FxCompile>
    <FxCompile Include="water_ps.hlsl">
      <Filter>Shaders\Water</Filter>
    </FxCompile>
    <FxCompile Include="blend_ps.hlsl">
      <Filter>Shaders\Texture</Filter>
    </FxCompile>
    <FxCompile Include="blend_vs.hlsl">
      <Filter>Shaders\Texture</Filter>
    </FxCompile>
    <FxCompile Include="texture_ps.hlsl">
      <Filter>Shaders\Texture</Filter>
    </FxCompile>
    <FxCompile Include="texture_vs.hlsl">
      <Filter>Shaders\Texture</Filter>
    </FxCompile>
  </ItemGroup>
</Project>